
Microsoft Visual Studio Solution File, Format Version 12.00
# Visual Studio Version 16
VisualStudioVersion = 16.0.31729.503
MinimumVisualStudioVersion = 10.0.40219.1
Project("{9A19103F-16F7-4668-BE54-9A1E7A4F7556}") = "BA.KonnexResources", "BA.KonnexResources\BA.KonnexResources.csproj", "{7E6A668C-B863-4AB8-BEF9-31FE625DD2DD}"
EndProject
Global
	GlobalSection(SolutionConfigurationPlatforms) = preSolution
		Debug|Any CPU = Debug|Any CPU
		Release|Any CPU = Release|Any CPU
	EndGlobalSection
	GlobalSection(ProjectConfigurationPlatforms) = postSolution
		{7E6A668C-B863-4AB8-BEF9-31FE625DD2DD}.Debug|Any CPU.ActiveCfg = Debug|Any CPU
		{7E6A668C-B863-4AB8-BEF9-31FE625DD2DD}.Debug|Any CPU.Build.0 = Debug|Any CPU
		{7E6A668C-B863-4AB8-BEF9-31FE625DD2DD}.Release|Any CPU.ActiveCfg = Release|Any CPU
		{7E6A668C-B863-4AB8-BEF9-31FE625DD2DD}.Release|Any CPU.Build.0 = Release|Any CPU
	EndGlobalSection
	GlobalSection(SolutionProperties) = preSolution
		HideSolutionNode = FALSE
	EndGlobalSection
	GlobalSection(ExtensibilityGlobals) = postSolution
		SolutionGuid = {BA99EA53-198A-4CE8-8BFB-0EA5D34933B5}
	EndGlobalSection
EndGlobal
